PODS:
  - Bolts (1.1.4)
  - MBProgressHUD (0.9.1)
  - Parse (1.6.5):
    - Bolts (~> 1.1)

DEPENDENCIES:
  - MBProgressHUD (~> 0.8)
  - Parse

SPEC CHECKSUMS:
  Bolts: dd9fb8433d67f5acc3b6b4d1379bbc5513d716c1
  MBProgressHUD: f3747dcbd45a9e855a6b0674550651e0b7ed250c
  Parse: a21db4037d70a68a4ec64ecc0f327ed475cc14f8

COCOAPODS: 0.35.0
